// !$*UTF8*$!
{
	archiveVersion = 1;
	classes = {
	};
	objectVersion = 46;
	objects = {

/* Begin PBXBuildFile section */
		461CCE5F1B845CBF002AB586 /* UIImage+ETRemRender.m in Sources */ = {isa = PBXBuildFile; fileRef = 461CCE5E1B845CBF002AB586 /* UIImage+ETRemRender.m */; };
		46336F181B876964009A04B8 /* ETDiscoverController.m in Sources */ = {isa = PBXBuildFile; fileRef = 46336F171B876964009A04B8 /* ETDiscoverController.m */; };
		46336F1B1B8769A9009A04B8 /* EThomeController.m in Sources */ = {isa = PBXBuildFile; fileRef = 46336F1A1B8769A9009A04B8 /* EThomeController.m */; };
		46336F1E1B876A0F009A04B8 /* ETMessageController.m in Sources */ = {isa = PBXBuildFile; fileRef = 46336F1D1B876A0F009A04B8 /* ETMessageController.m */; };
		46336F211B876A29009A04B8 /* ETProfileController.m in Sources */ = {isa = PBXBuildFile; fileRef = 46336F201B876A29009A04B8 /* ETProfileController.m */; };
		46336F271B877CD8009A04B8 /* ETNavController.m in Sources */ = {isa = PBXBuildFile; fileRef = 46336F261B877CD8009A04B8 /* ETNavController.m */; };
		46E5A6931B8413C800B75941 /* main.m in Sources */ = {isa = PBXBuildFile; fileRef = 46E5A6921B8413C800B75941 /* main.m */; };
		46E5A6961B8413C800B75941 /* AppDelegate.m in Sources */ = {isa = PBXBuildFile; fileRef = 46E5A6951B8413C800B75941 /* AppDelegate.m */; };
		46E5A69E1B8413C800B75941 /* Images.xcassets in Resources */ = {isa = PBXBuildFile; fileRef = 46E5A69D1B8413C800B75941 /* Images.xcassets */; };
		46E5A6A11B8413C800B75941 /* LaunchScreen.xib in Resources */ = {isa = PBXBuildFile; fileRef = 46E5A69F1B8413C800B75941 /* LaunchScreen.xib */; };
		46E5A6AD1B8413C800B75941 /* ETWeiboTests.m in Sources */ = {isa = PBXBuildFile; fileRef = 46E5A6AC1B8413C800B75941 /* ETWeiboTests.m */; };
		46E5A6BD1B8417DC00B75941 /* UIKit.framework in Frameworks */ = {isa = PBXBuildFile; fileRef = 46E5A6BC1B8417DC00B75941 /* UIKit.framework */; };
		46E5A6C01B8418A000B75941 /* ETTabBarController.m in Sources */ = {isa = PBXBuildFile; fileRef = 46E5A6BF1B8418A000B75941 /* ETTabBarController.m */; };
		46E5A6C31B841D6900B75941 /* ETTabBar.m in Sources */ = {isa = PBXBuildFile; fileRef = 46E5A6C21B841D6900B75941 /* ETTabBar.m */; };
/* End PBXBuildFile section */

/* Begin PBXContainerItemProxy section */
		46E5A6A71B8413C800B75941 /* PBXContainerItemProxy */ = {
			isa = PBXContainerItemProxy;
			containerPortal = 46E5A6851B8413C800B75941 /* Project object */;
			proxyType = 1;
			remoteGlobalIDString = 46E5A68C1B8413C800B75941;
			remoteInfo = ETWeibo;
		};
/* End PBXContainerItemProxy section */

/* Begin PBXFileReference section */
		461CCE5D1B845CBF002AB586 /* UIImage+ETRemRender.h */ = {isa = PBXFileReference; fileEncoding = 4; lastKnownFileType = sourcecode.c.h; path = "UIImage+ETRemRender.h"; sourceTree = "<group>"; };
		461CCE5E1B845CBF002AB586 /* UIImage+ETRemRender.m */ = {isa = PBXFileReference; fileEncoding = 4; lastKnownFileType = sourcecode.c.objc; path = "UIImage+ETRemRender.m"; sourceTree = "<group>"; };
		46336F161B876964009A04B8 /* ETDiscoverController.h */ = {isa = PBXFileReference; fileEncoding = 4; lastKnownFileType = sourcecode.c.h; path = ETDiscoverController.h; sourceTree = "<group>"; };
		46336F171B876964009A04B8 /* ETDiscoverController.m */ = {isa = PBXFileReference; fileEncoding = 4; lastKnownFileType = sourcecode.c.objc; path = ETDiscoverController.m; sourceTree = "<group>"; };
		46336F191B8769A9009A04B8 /* EThomeController.h */ = {isa = PBXFileReference; fileEncoding = 4; lastKnownFileType = sourcecode.c.h; path = EThomeController.h; sourceTree = "<group>"; };
		46336F1A1B8769A9009A04B8 /* EThomeController.m */ = {isa = PBXFileReference; fileEncoding = 4; lastKnownFileType = sourcecode.c.objc; path = EThomeController.m; sourceTree = "<group>"; };
		46336F1C1B876A0F009A04B8 /* ETMessageController.h */ = {isa = PBXFileReference; fileEncoding = 4; lastKnownFileType = sourcecode.c.h; path = ETMessageController.h; sourceTree = "<group>"; };
		46336F1D1B876A0F009A04B8 /* ETMessageController.m */ = {isa = PBXFileReference; fileEncoding = 4; lastKnownFileType = sourcecode.c.objc; path = ETMessageController.m; sourceTree = "<group>"; };
		46336F1F1B876A29009A04B8 /* ETProfileController.h */ = {isa = PBXFileReference; fileEncoding = 4; lastKnownFileType = sourcecode.c.h; path = ETProfileController.h; sourceTree = "<group>"; };
		46336F201B876A29009A04B8 /* ETProfileController.m */ = {isa = PBXFileReference; fileEncoding = 4; lastKnownFileType = sourcecode.c.objc; path = ETProfileController.m; sourceTree = "<group>"; };
		46336F251B877CD8009A04B8 /* ETNavController.h */ = {isa = PBXFileReference; fileEncoding = 4; lastKnownFileType = sourcecode.c.h; path = ETNavController.h; sourceTree = "<group>"; };
		46336F261B877CD8009A04B8 /* ETNavController.m */ = {isa = PBXFileReference; fileEncoding = 4; lastKnownFileType = sourcecode.c.objc; path = ETNavController.m; sourceTree = "<group>"; };
		46E5A68D1B8413C800B75941 /* ETWeibo.app */ = {isa = PBXFileReference; explicitFileType = wrapper.application; includeInIndex = 0; path = ETWeibo.app; sourceTree = BUILT_PRODUCTS_DIR; };
		46E5A6911B8413C800B75941 /* Info.plist */ = {isa = PBXFileReference; lastKnownFileType = text.plist.xml; path = Info.plist; sourceTree = "<group>"; };
		46E5A6921B8413C800B75941 /* main.m */ = {isa = PBXFileReference; lastKnownFileType = sourcecode.c.objc; path = main.m; sourceTree = "<group>"; };
		46E5A6941B8413C800B75941 /* AppDelegate.h */ = {isa = PBXFileReference; lastKnownFileType = sourcecode.c.h; path = AppDelegate.h; sourceTree = "<group>"; };
		46E5A6951B8413C800B75941 /* AppDelegate.m */ = {isa = PBXFileReference; lastKnownFileType = sourcecode.c.objc; path = AppDelegate.m; sourceTree = "<group>"; };
		46E5A69D1B8413C800B75941 /* Images.xcassets */ = {isa = PBXFileReference; lastKnownFileType = folder.assetcatalog; path = Images.xcassets; sourceTree = "<group>"; };
		46E5A6A01B8413C800B75941 /* Base */ = {isa = PBXFileReference; lastKnownFileType = file.xib; name = Base; path = Base.lproj/LaunchScreen.xib; sourceTree = "<group>"; };
		46E5A6A61B8413C800B75941 /* ETWeiboTests.xctest */ = {isa = PBXFileReference; explicitFileType = wrapper.cfbundle; includeInIndex = 0; path = ETWeiboTests.xctest; sourceTree = BUILT_PRODUCTS_DIR; };
		46E5A6AB1B8413C800B75941 /* Info.plist */ = {isa = PBXFileReference; lastKnownFileType = text.plist.xml; path = Info.plist; sourceTree = "<group>"; };
		46E5A6AC1B8413C800B75941 /* ETWeiboTests.m */ = {isa = PBXFileReference; lastKnownFileType = sourcecode.c.objc; path = ETWeiboTests.m; sourceTree = "<group>"; };
		46E5A6BC1B8417DC00B75941 /* UIKit.framework */ = {isa = PBXFileReference; lastKnownFileType = wrapper.framework; name = UIKit.framework; path = System/Library/Frameworks/UIKit.framework; sourceTree = SDKROOT; };
		46E5A6BE1B8418A000B75941 /* ETTabBarController.h */ = {isa = PBXFileReference; fileEncoding = 4; lastKnownFileType = sourcecode.c.h; path = ETTabBarController.h; sourceTree = "<group>"; };
		46E5A6BF1B8418A000B75941 /* ETTabBarController.m */ = {isa = PBXFileReference; fileEncoding = 4; lastKnownFileType = sourcecode.c.objc; path = ETTabBarController.m; sourceTree = "<group>"; };
		46E5A6C11B841D6900B75941 /* ETTabBar.h */ = {isa = PBXFileReference; fileEncoding = 4; lastKnownFileType = sourcecode.c.h; path = ETTabBar.h; sourceTree = "<group>"; };
		46E5A6C21B841D6900B75941 /* ETTabBar.m */ = {isa = PBXFileReference; fileEncoding = 4; lastKnownFileType = sourcecode.c.objc; path = ETTabBar.m; sourceTree = "<group>"; };
/* End PBXFileReference section */

/* Begin PBXFrameworksBuildPhase section */
		46E5A68A1B8413C800B75941 /* Frameworks */ = {
			isa = PBXFrameworksBuildPhase;
			buildActionMask = 2147483647;
			files = (
				46E5A6BD1B8417DC00B75941 /* UIKit.framework in Frameworks */,
			);
			runOnlyForDeploymentPostprocessing = 0;
		};
		46E5A6A31B8413C800B75941 /* Frameworks */ = {
			isa = PBXFrameworksBuildPhase;
			buildActionMask = 2147483647;
			files = (
			);
			runOnlyForDeploymentPostprocessing = 0;
		};
/* End PBXFrameworksBuildPhase section */

/* Begin PBXGroup section */
		46094F491B862EE100B48646 /* Classes */ = {
			isa = PBXGroup;
			children = (
				46094F611B8631AB00B48646 /* Discover */,
				46094F5B1B86307700B48646 /* Main */,
				46094F4F1B862F8100B48646 /* Home */,
				46094F531B862FF700B48646 /* Message */,
				46094F571B86303100B48646 /* Profile */,
				46094F5C1B86307F00B48646 /* Other */,
			);
			name = Classes;
			sourceTree = "<group>";
		};
		46094F4A1B862F2D00B48646 /* Discover */ = {
			isa = PBXGroup;
			children = (
			);
			name = Discover;
			sourceTree = "<group>";
		};
		46094F4B1B862F3E00B48646 /* Model */ = {
			isa = PBXGroup;
			children = (
			);
			name = Model;
			sourceTree = "<group>";
		};
		46094F4D1B862F6500B48646 /* View */ = {
			isa = PBXGroup;
			children = (
			);
			name = View;
			sourceTree = "<group>";
		};
		46094F4E1B862F6D00B48646 /* Controller */ = {
			isa = PBXGroup;
			children = (
				46336F191B8769A9009A04B8 /* EThomeController.h */,
				46336F1A1B8769A9009A04B8 /* EThomeController.m */,
			);
			name = Controller;
			sourceTree = "<group>";
		};
		46094F4F1B862F8100B48646 /* Home */ = {
			isa = PBXGroup;
			children = (
				46094F4A1B862F2D00B48646 /* Discover */,
				46094F4E1B862F6D00B48646 /* Controller */,
				46094F4D1B862F6500B48646 /* View */,
			);
			name = Home;
			sourceTree = "<group>";
		};
		46094F531B862FF700B48646 /* Message */ = {
			isa = PBXGroup;
			children = (
				46094F561B86301400B48646 /* Model */,
				46094F551B86300C00B48646 /* View */,
				46094F541B862FFF00B48646 /* Controller */,
			);
			name = Message;
			sourceTree = "<group>";
		};
		46094F541B862FFF00B48646 /* Controller */ = {
			isa = PBXGroup;
			children = (
				46336F1C1B876A0F009A04B8 /* ETMessageController.h */,
				46336F1D1B876A0F009A04B8 /* ETMessageController.m */,
			);
			name = Controller;
			sourceTree = "<group>";
		};
		46094F551B86300C00B48646 /* View */ = {
			isa = PBXGroup;
			children = (
			);
			name = View;
			sourceTree = "<group>";
		};
		46094F561B86301400B48646 /* Model */ = {
			isa = PBXGroup;
			children = (
			);
			name = Model;
			sourceTree = "<group>";
		};
		46094F571B86303100B48646 /* Profile */ = {
			isa = PBXGroup;
			children = (
				46094F5A1B86305000B48646 /* Controller */,
				46094F591B86304400B48646 /* View */,
				46094F581B86303C00B48646 /* Model */,
			);
			name = Profile;
			sourceTree = "<group>";
		};
		46094F581B86303C00B48646 /* Model */ = {
			isa = PBXGroup;
			children = (
				46336F1F1B876A29009A04B8 /* ETProfileController.h */,
				46336F201B876A29009A04B8 /* ETProfileController.m */,
			);
			name = Model;
			sourceTree = "<group>";
		};
		46094F591B86304400B48646 /* View */ = {
			isa = PBXGroup;
			children = (
			);
			name = View;
			sourceTree = "<group>";
		};
		46094F5A1B86305000B48646 /* Controller */ = {
			isa = PBXGroup;
			children = (
			);
			name = Controller;
			sourceTree = "<group>";
		};
		46094F5B1B86307700B48646 /* Main */ = {
			isa = PBXGroup;
			children = (
				46094F5F1B86310200B48646 /* View */,
				46094F5D1B8630EB00B48646 /* Controller */,
				46094F4B1B862F3E00B48646 /* Model */,
			);
			name = Main;
			sourceTree = "<group>";
		};
		46094F5C1B86307F00B48646 /* Other */ = {
			isa = PBXGroup;
			children = (
				46E5A6941B8413C800B75941 /* AppDelegate.h */,
				46E5A6951B8413C800B75941 /* AppDelegate.m */,
				46094F651B86320200B48646 /* Category */,
			);
			name = Other;
			sourceTree = "<group>";
		};
		46094F5D1B8630EB00B48646 /* Controller */ = {
			isa = PBXGroup;
			children = (
				46E5A6BE1B8418A000B75941 /* ETTabBarController.h */,
				46E5A6BF1B8418A000B75941 /* ETTabBarController.m */,
			);
			name = Controller;
			sourceTree = "<group>";
		};
		46094F5F1B86310200B48646 /* View */ = {
			isa = PBXGroup;
			children = (
				46E5A6C11B841D6900B75941 /* ETTabBar.h */,
				46E5A6C21B841D6900B75941 /* ETTabBar.m */,
				46336F251B877CD8009A04B8 /* ETNavController.h */,
				46336F261B877CD8009A04B8 /* ETNavController.m */,
			);
			name = View;
			sourceTree = "<group>";
		};
		46094F611B8631AB00B48646 /* Discover */ = {
			isa = PBXGroup;
			children = (
				46094F631B8631C600B48646 /* Controller */,
				46094F641B8631D900B48646 /* Model */,
				46094F621B8631BA00B48646 /* View */,
			);
			name = Discover;
			sourceTree = "<group>";
		};
		46094F621B8631BA00B48646 /* View */ = {
			isa = PBXGroup;
			children = (
			);
			name = View;
			sourceTree = "<group>";
		};
		46094F631B8631C600B48646 /* Controller */ = {
			isa = PBXGroup;
			children = (
				46336F161B876964009A04B8 /* ETDiscoverController.h */,
				46336F171B876964009A04B8 /* ETDiscoverController.m */,
			);
			name = Controller;
			sourceTree = "<group>";
		};
		46094F641B8631D900B48646 /* Model */ = {
			isa = PBXGroup;
			children = (
			);
			name = Model;
			sourceTree = "<group>";
		};
		46094F651B86320200B48646 /* Category */ = {
			isa = PBXGroup;
			children = (
				461CCE5D1B845CBF002AB586 /* UIImage+ETRemRender.h */,
				461CCE5E1B845CBF002AB586 /* UIImage+ETRemRender.m */,
			);
			name = Category;
			sourceTree = "<group>";
		};
		46E5A6841B8413C800B75941 = {
			isa = PBXGroup;
			children = (
				46E5A6BC1B8417DC00B75941 /* UIKit.framework */,
				46E5A68F1B8413C800B75941 /* ETWeibo */,
				46E5A6A91B8413C800B75941 /* ETWeiboTests */,
				46E5A68E1B8413C800B75941 /* Products */,
			);
			sourceTree = "<group>";
		};
		46E5A68E1B8413C800B75941 /* Products */ = {
			isa = PBXGroup;
			children = (
				46E5A68D1B8413C800B75941 /* ETWeibo.app */,
				46E5A6A61B8413C800B75941 /* ETWeiboTests.xctest */,
			);
			name = Products;
			sourceTree = "<group>";
		};
		46E5A68F1B8413C800B75941 /* ETWeibo */ = {
			isa = PBXGroup;
			children = (
				46094F491B862EE100B48646 /* Classes */,
				46E5A69D1B8413C800B75941 /* Images.xcassets */,
				46E5A69F1B8413C800B75941 /* LaunchScreen.xib */,
				46E5A6901B8413C800B75941 /* Supporting Files */,
			);
			path = ETWeibo;
			sourceTree = "<group>";
		};
		46E5A6901B8413C800B75941 /* Supporting Files */ = {
			isa = PBXGroup;
			children = (
				46E5A6911B8413C800B75941 /* Info.plist */,
				46E5A6921B8413C800B75941 /* main.m */,
			);
			name = "Supporting Files";
			sourceTree = "<group>";
		};
		46E5A6A91B8413C800B75941 /* ETWeiboTests */ = {
			isa = PBXGroup;
			children = (
				46E5A6AC1B8413C800B75941 /* ETWeiboTests.m */,
				46E5A6AA1B8413C800B75941 /* Supporting Files */,
			);
			path = ETWeiboTests;
			sourceTree = "<group>";
		};
		46E5A6AA1B8413C800B75941 /* Supporting Files */ = {
			isa = PBXGroup;
			children = (
				46E5A6AB1B8413C800B75941 /* Info.plist */,
			);
			name = "Supporting Files";
			sourceTree = "<group>";
		};
/* End PBXGroup section */

/* Begin PBXNativeTarget section */
		46E5A68C1B8413C800B75941 /* ETWeibo */ = {
			isa = PBXNativeTarget;
			buildConfigurationList = 46E5A6B01B8413C800B75941 /* Build configuration list for PBXNativeTarget "ETWeibo" */;
			buildPhases = (
				46E5A6891B8413C800B75941 /* Sources */,
				46E5A68A1B8413C800B75941 /* Frameworks */,
				46E5A68B1B8413C800B75941 /* Resources */,
			);
			buildRules = (
			);
			dependencies = (
			);
			name = ETWeibo;
			productName = ETWeibo;
			productReference = 46E5A68D1B8413C800B75941 /* ETWeibo.app */;
			productType = "com.apple.product-type.application";
		};
		46E5A6A51B8413C800B75941 /* ETWeiboTests */ = {
			isa = PBXNativeTarget;
			buildConfigurationList = 46E5A6B31B8413C800B75941 /* Build configuration list for PBXNativeTarget "ETWeiboTests" */;
			buildPhases = (
				46E5A6A21B8413C800B75941 /* Sources */,
				46E5A6A31B8413C800B75941 /* Frameworks */,
				46E5A6A41B8413C800B75941 /* Resources */,
			);
			buildRules = (
			);
			dependencies = (
				46E5A6A81B8413C800B75941 /* PBXTargetDependency */,
			);
			name = ETWeiboTests;
			productName = ETWeiboTests;
			productReference = 46E5A6A61B8413C800B75941 /* ETWeiboTests.xctest */;
			productType = "com.apple.product-type.bundle.unit-test";
		};
/* End PBXNativeTarget section */

/* Begin PBXProject section */
		46E5A6851B8413C800B75941 /* Project object */ = {
			isa = PBXProject;
			attributes = {
				CLASSPREFIX = ET;
				LastUpgradeCheck = 0640;
				ORGANIZATIONNAME = Larry;
				TargetAttributes = {
					46E5A68C1B8413C800B75941 = {
						CreatedOnToolsVersion = 6.4;
					};
					46E5A6A51B8413C800B75941 = {
						CreatedOnToolsVersion = 6.4;
						TestTargetID = 46E5A68C1B8413C800B75941;
					};
				};
			};
			buildConfigurationList = 46E5A6881B8413C800B75941 /* Build configuration list for PBXProject "ETWeibo" */;
			compatibilityVersion = "Xcode 3.2";
			developmentRegion = English;
			hasScannedForEncodings = 0;
			knownRegions = (
				en,
				Base,
			);
			mainGroup = 46E5A6841B8413C800B75941;
			productRefGroup = 46E5A68E1B8413C800B75941 /* Products */;
			projectDirPath = "";
			projectRoot = "";
			targets = (
				46E5A68C1B8413C800B75941 /* ETWeibo */,
				46E5A6A51B8413C800B75941 /* ETWeiboTests */,
			);
		};
/* End PBXProject section */

/* Begin PBXResourcesBuildPhase section */
		46E5A68B1B8413C800B75941 /* Resources */ = {
			isa = PBXResourcesBuildPhase;
			buildActionMask = 2147483647;
			files = (
				46E5A6A11B8413C800B75941 /* LaunchScreen.xib in Resources */,
				46E5A69E1B8413C800B75941 /* Images.xcassets in Resources */,
			);
			runOnlyForDeploymentPostprocessing = 0;
		};
		46E5A6A41B8413C800B75941 /* Resources */ = {
			isa = PBXResourcesBuildPhase;
			buildActionMask = 2147483647;
			files = (
			);
			runOnlyForDeploymentPostprocessing = 0;
		};
/* End PBXResourcesBuildPhase section */

/* Begin PBXSourcesBuildPhase section */
		46E5A6891B8413C800B75941 /* Sources */ = {
			isa = PBXSourcesBuildPhase;
			buildActionMask = 2147483647;
			files = (
				46E5A6C01B8418A000B75941 /* ETTabBarController.m in Sources */,
				46336F1B1B8769A9009A04B8 /* EThomeController.m in Sources */,
				46336F1E1B876A0F009A04B8 /* ETMessageController.m in Sources */,
				461CCE5F1B845CBF002AB586 /* UIImage+ETRemRender.m in Sources */,
				46E5A6C31B841D6900B75941 /* ETTabBar.m in Sources */,
				46E5A6961B8413C800B75941 /* AppDelegate.m in Sources */,
				46336F271B877CD8009A04B8 /* ETNavController.m in Sources */,
				46336F211B876A29009A04B8 /* ETProfileController.m in Sources */,
				46E5A6931B8413C800B75941 /* main.m in Sources */,
				46336F181B876964009A04B8 /* ETDiscoverController.m in Sources */,
			);
			runOnlyForDeploymentPostprocessing = 0;
		};
		46E5A6A21B8413C800B75941 /* Sources */ = {
			isa = PBXSourcesBuildPhase;
			buildActionMask = 2147483647;
			files = (
				46E5A6AD1B8413C800B75941 /* ETWeiboTests.m in Sources */,
			);
			runOnlyForDeploymentPostprocessing = 0;
		};
/* End PBXSourcesBuildPhase section */

/* Begin PBXTargetDependency section */
		46E5A6A81B8413C800B75941 /* PBXTargetDependency */ = {
			isa = PBXTargetDependency;
			target = 46E5A68C1B8413C800B75941 /* ETWeibo */;
			targetProxy = 46E5A6A71B8413C800B75941 /* PBXContainerItemProxy */;
		};
/* End PBXTargetDependency section */

/* Begin PBXVariantGroup section */
		46E5A69F1B8413C800B75941 /* LaunchScreen.xib */ = {
			isa = PBXVariantGroup;
			children = (
				46E5A6A01B8413C800B75941 /* Base */,
			);
			name = LaunchScreen.xib;
			sourceTree = "<group>";
		};
/* End PBXVariantGroup section */

/* Begin XCBuildConfiguration section */
		46E5A6AE1B8413C800B75941 /* Debug */ = {
			isa = XCBuildConfiguration;
			buildSettings = {
				ALWAYS_SEARCH_USER_PATHS = NO;
				CLANG_CXX_LANGUAGE_STANDARD = "gnu++0x";
				CLANG_CXX_LIBRARY = "libc++";
				CLANG_ENABLE_MODULES = YES;
				CLANG_ENABLE_OBJC_ARC = YES;
				CLANG_WARN_BOOL_CONVERSION = YES;
				CLANG_WARN_CONSTANT_CONVERSION = YES;
				CLANG_WARN_DIRECT_OBJC_ISA_USAGE = YES_ERROR;
				CLANG_WARN_EMPTY_BODY = YES;
				CLANG_WARN_ENUM_CONVERSION = YES;
				CLANG_WARN_INT_CONVERSION = YES;
				CLANG_WARN_OBJC_ROOT_CLASS = YES_ERROR;
				CLANG_WARN_UNREACHABLE_CODE = YES;
				CLANG_WARN__DUPLICATE_METHOD_MATCH = YES;
				"CODE_SIGN_IDENTITY[sdk=iphoneos*]" = "iPhone Developer";
				COPY_PHASE_STRIP = NO;
				DEBUG_INFORMATION_FORMAT = "dwarf-with-dsym";
				ENABLE_STRICT_OBJC_MSGSEND = YES;
				GCC_C_LANGUAGE_STANDARD = gnu99;
				GCC_DYNAMIC_NO_PIC = NO;
				GCC_NO_COMMON_BLOCKS = YES;
				GCC_OPTIMIZATION_LEVEL = 0;
				GCC_PREPROCESSOR_DEFINITIONS = (
					"DEBUG=1",
					"$(inherited)",
				);
				GCC_SYMBOLS_PRIVATE_EXTERN = NO;
				GCC_WARN_64_TO_32_BIT_CONVERSION = YES;
				GCC_WARN_ABOUT_RETURN_TYPE = YES_ERROR;
				GCC_WARN_UNDECLARED_SELECTOR = YES;
				GCC_WARN_UNINITIALIZED_AUTOS = YES_AGGRESSIVE;
				GCC_WARN_UNUSED_FUNCTION = YES;
				GCC_WARN_UNUSED_VARIABLE = YES;
				IPHONEOS_DEPLOYMENT_TARGET = 8.4;
				MTL_ENABLE_DEBUG_INFO = YES;
				ONLY_ACTIVE_ARCH = YES;
				SDKROOT = iphoneos;
				TARGETED_DEVICE_FAMILY = "1,2";
			};
			name = Debug;
		};
		46E5A6AF1B8413C800B75941 /* Release */ = {
			isa = XCBuildConfiguration;
			buildSettings = {
				ALWAYS_SEARCH_USER_PATHS = NO;
				CLANG_CXX_LANGUAGE_STANDARD = "gnu++0x";
				CLANG_CXX_LIBRARY = "libc++";
				CLANG_ENABLE_MODULES = YES;
				CLANG_ENABLE_OBJC_ARC = YES;
				CLANG_WARN_BOOL_CONVERSION = YES;
				CLANG_WARN_CONSTANT_CONVERSION = YES;
				CLANG_WARN_DIRECT_OBJC_ISA_USAGE = YES_ERROR;
				CLANG_WARN_EMPTY_BODY = YES;
				CLANG_WARN_ENUM_CONVERSION = YES;
				CLANG_WARN_INT_CONVERSION = YES;
				CLANG_WARN_OBJC_ROOT_CLASS = YES_ERROR;
				CLANG_WARN_UNREACHABLE_CODE = YES;
				CLANG_WARN__DUPLICATE_METHOD_MATCH = YES;
				"CODE_SIGN_IDENTITY[sdk=iphoneos*]" = "iPhone Developer";
				COPY_PHASE_STRIP = NO;
				DEBUG_INFORMATION_FORMAT = "dwarf-with-dsym";
				ENABLE_NS_ASSERTIONS = NO;
				ENABLE_STRICT_OBJC_MSGSEND = YES;
				GCC_C_LANGUAGE_STANDARD = gnu99;
				GCC_NO_COMMON_BLOCKS = YES;
				GCC_WARN_64_TO_32_BIT_CONVERSION = YES;
				GCC_WARN_ABOUT_RETURN_TYPE = YES_ERROR;
				GCC_WARN_UNDECLARED_SELECTOR = YES;
				GCC_WARN_UNINITIALIZED_AUTOS = YES_AGGRESSIVE;
				GCC_WARN_UNUSED_FUNCTION = YES;
				GCC_WARN_UNUSED_VARIABLE = YES;
				IPHONEOS_DEPLOYMENT_TARGET = 8.4;
				MTL_ENABLE_DEBUG_INFO = NO;
				SDKROOT = iphoneos;
				TARGETED_DEVICE_FAMILY = "1,2";
				VALIDATE_PRODUCT = YES;
			};
			name = Release;
		};
		46E5A6B11B8413C800B75941 /* Debug */ = {
			isa = XCBuildConfiguration;
			buildSettings = {
				ASSETCATALOG_COMPILER_APPICON_NAME = AppIcon;
				ASSETCATALOG_COMPILER_LAUNCHIMAGE_NAME = LaunchImage;
				INFOPLIST_FILE = ETWeibo/Info.plist;
				IPHONEOS_DEPLOYMENT_TARGET = 6.1;
				LD_RUNPATH_SEARCH_PATHS = "$(inherited) @executable_path/Frameworks";
				PRODUCT_NAME = "$(TARGET_NAME)";
				TARGETED_DEVICE_FAMILY = 1;
			};
			name = Debug;
		};
		46E5A6B21B8413C800B75941 /* Release */ = {
			isa = XCBuildConfiguration;
			buildSettings = {
				ASSETCATALOG_COMPILER_APPICON_NAME = AppIcon;
				ASSETCATALOG_COMPILER_LAUNCHIMAGE_NAME = LaunchImage;
				INFOPLIST_FILE = ETWeibo/Info.plist;
				IPHONEOS_DEPLOYMENT_TARGET = 6.1;
				LD_RUNPATH_SEARCH_PATHS = "$(inherited) @executable_path/Frameworks";
				PRODUCT_NAME = "$(TARGET_NAME)";
				TARGETED_DEVICE_FAMILY = 1;
			};
			name = Release;
		};
		46E5A6B41B8413C800B75941 /* Debug */ = {
			isa = XCBuildConfiguration;
			buildSettings = {
				BUNDLE_LOADER = "$(TEST_HOST)";
				FRAMEWORK_SEARCH_PATHS = (
					"$(SDKROOT)/Developer/Library/Frameworks",
					"$(inherited)",
				);
				GCC_PREPROCESSOR_DEFINITIONS = (
					"DEBUG=1",
					"$(inherited)",
				);
				INFOPLIST_FILE = ETWeiboTests/Info.plist;
				LD_RUNPATH_SEARCH_PATHS = "$(inherited) @executable_path/Frameworks @loader_path/Frameworks";
				PRODUCT_NAME = "$(TARGET_NAME)";
				TEST_HOST = "$(BUILT_PRODUCTS_DIR)/ETWeibo.app/ETWeibo";
			};
			name = Debug;
		};
		46E5A6B51B8413C800B75941 /* Release */ = {
			isa = XCBuildConfiguration;
			buildSettings = {
				BUNDLE_LOADER = "$(TEST_HOST)";
				FRAMEWORK_SEARCH_PATHS = (
					"$(SDKROOT)/Developer/Library/Frameworks",
					"$(inherited)",
				);
				INFOPLIST_FILE = ETWeiboTests/Info.plist;
				LD_RUNPATH_SEARCH_PATHS = "$(inherited) @executable_path/Frameworks @loader_path/Frameworks";
				PRODUCT_NAME = "$(TARGET_NAME)";
				TEST_HOST = "$(BUILT_PRODUCTS_DIR)/ETWeibo.app/ETWeibo";
			};
			name = Release;
		};
/* End XCBuildConfiguration section */

/* Begin XCConfigurationList section */
		46E5A6881B8413C800B75941 /* Build configuration list for PBXProject "ETWeibo" */ = {
			isa = XCConfigurationList;
			buildConfigurations = (
				46E5A6AE1B8413C800B75941 /* Debug */,
				46E5A6AF1B8413C800B75941 /* Release */,
			);
			defaultConfigurationIsVisible = 0;
			defaultConfigurationName = Release;
		};
		46E5A6B01B8413C800B75941 /* Build configuration list for PBXNativeTarget "ETWeibo" */ = {
			isa = XCConfigurationList;
			buildConfigurations = (
				46E5A6B11B8413C800B75941 /* Debug */,
				46E5A6B21B8413C800B75941 /* Release */,
			);
			defaultConfigurationIsVisible = 0;
			defaultConfigurationName = Release;
		};
		46E5A6B31B8413C800B75941 /* Build configuration list for PBXNativeTarget "ETWeiboTests" */ = {
			isa = XCConfigurationList;
			buildConfigurations = (
				46E5A6B41B8413C800B75941 /* Debug */,
				46E5A6B51B8413C800B75941 /* Release */,
			);
			defaultConfigurationIsVisible = 0;
			defaultConfigurationName = Release;
		};
/* End XCConfigurationList section */
	};
	rootObject = 46E5A6851B8413C800B75941 /* Project object */;
}
